
Microsoft Visual Studio Solution File, Format Version 12.00
# Visual Studio 14
VisualStudioVersion = 14.0.25420.1
MinimumVisualStudioVersion = 10.0.40219.1
Project("{FAE04EC0-301F-11D3-BF4B-00C04F79EFBC}") = "SynchronousTCPServerLibrary", "SynchronousTCPServerLibrary\SynchronousTCPServerLibrary.csproj", "{0DDF43EC-ADAF-40D9-BDB8-2159436521A8}"
EndProject
Project("{FAE04EC0-301F-11D3-BF4B-00C04F79EFBC}") = "Server Sample", "Server Sample\Server Sample.csproj", "{5E1195AE-ABC8-494A-B595-6327CD933FC8}"
EndProject
Global
	GlobalSection(SolutionConfigurationPlatforms) = preSolution
		Debug|Any CPU = Debug|Any CPU
		Release|Any CPU = Release|Any CPU
	EndGlobalSection
	GlobalSection(ProjectConfigurationPlatforms) = postSolution
		{0DDF43EC-ADAF-40D9-BDB8-2159436521A8}.Debug|Any CPU.ActiveCfg = Debug|Any CPU
		{0DDF43EC-ADAF-40D9-BDB8-2159436521A8}.Debug|Any CPU.Build.0 = Debug|Any CPU
		{0DDF43EC-ADAF-40D9-BDB8-2159436521A8}.Release|Any CPU.ActiveCfg = Release|Any CPU
		{0DDF43EC-ADAF-40D9-BDB8-2159436521A8}.Release|Any CPU.Build.0 = Release|Any CPU
		{5E1195AE-ABC8-494A-B595-6327CD933FC8}.Debug|Any CPU.ActiveCfg = Debug|Any CPU
		{5E1195AE-ABC8-494A-B595-6327CD933FC8}.Debug|Any CPU.Build.0 = Debug|Any CPU
		{5E1195AE-ABC8-494A-B595-6327CD933FC8}.Release|Any CPU.ActiveCfg = Release|Any CPU
		{5E1195AE-ABC8-494A-B595-6327CD933FC8}.Release|Any CPU.Build.0 = Release|Any CPU
	EndGlobalSection
	GlobalSection(SolutionProperties) = preSolution
		HideSolutionNode = FALSE
	EndGlobalSection
EndGlobal
